<?xml version="1.0" encoding="utf-8"?>
<Project ToolsVersion="4.0" xmlns="http://schemas.microsoft.com/developer/msbuild/2003">
  <ItemGroup>
    <Filter Include="Archivos de origen">
      <UniqueIdentifier>{4FC737F1-C7A5-4376-A066-2A32D752A2FF}</UniqueIdentifier>
      <Extensions>cpp;c;cc;cxx;c++;cppm;ixx;def;odl;idl;hpj;bat;asm;asmx</Extensions>
    </Filter>
    <Filter Include="Archivos de encabezado">
      <UniqueIdentifier>{93995380-89BD-4b04-88EB-625FBE52EBFB}</UniqueIdentifier>
      <Extensions>h;hh;hpp;hxx;h++;hm;inl;inc;ipp;xsd</Extensions>
    </Filter>
    <Filter Include="Archivos de recursos">
      <UniqueIdentifier>{67DA6AB6-F800-4c08-8B7A-83BB121AAD01}</UniqueIdentifier>
      <Extensions>rc;ico;cur;bmp;dlg;rc2;rct;bin;rgs;gif;jpg;jpeg;jpe;resx;tiff;tif;png;wav;mfcribbon-ms</Extensions>
    </Filter>
    <Filter Include="Archivos de encabezado\Modelo">
      <UniqueIdentifier>{e6fb24ad-dbf0-459d-9693-f3cb671ad9fa}</UniqueIdentifier>
    </Filter>
    <Filter Include="Archivos de origen\Modelo">
      <UniqueIdentifier>{aece9433-4f1a-4454-807e-252fa1650126}</UniqueIdentifier>
    </Filter>
    <Filter Include="Archivos de encabezado\Contenedores">
      <UniqueIdentifier>{bbbbdc0e-6606-4a26-b3dd-4e5846971a14}</UniqueIdentifier>
    </Filter>
    <Filter Include="Archivos de origen\Contenedores">
      <UniqueIdentifier>{5a045f05-b2bb-4b75-ba21-c27da8bce5b5}</UniqueIdentifier>
    </Filter>
    <Filter Include="Archivos de encabezado\Controlador">
      <UniqueIdentifier>{d7d6e7ce-1bef-445c-a1ac-85f4bd7eddae}</UniqueIdentifier>
    </Filter>
    <Filter Include="Archivos de encabezado\Archivos">
      <UniqueIdentifier>{60999e37-7ced-4c0a-a194-a45b74e69d26}</UniqueIdentifier>
    </Filter>
    <Filter Include="Archivos de origen\Archivos">
      <UniqueIdentifier>{04feb9e5-9303-4104-920d-b42421457d33}</UniqueIdentifier>
    </Filter>
    <Filter Include="Archivos de origen\Controlador">
      <UniqueIdentifier>{14d840a3-91b5-46f7-b955-c5c9fca23bd9}</UniqueIdentifier>
    </Filter>
  </ItemGroup>
  <ItemGroup>
    <ClInclude Include="Buscar.h">
      <Filter>Archivos de encabezado</Filter>
    </ClInclude>
    <ClInclude Include="Pagina.h">
      <Filter>Archivos de encabezado\Modelo</Filter>
    </ClInclude>
    <ClInclude Include="Pestania.h">
      <Filter>Archivos de encabezado\Modelo</Filter>
    </ClInclude>
    <ClInclude Include="Marcador.h">
      <Filter>Archivos de encabezado\Modelo</Filter>
    </ClInclude>
    <ClInclude Include="GestorMarcador.h">
      <Filter>Archivos de encabezado\Contenedores</Filter>
    </ClInclude>
    <ClInclude Include="GestorPestania.h">
      <Filter>Archivos de encabezado\Contenedores</Filter>
    </ClInclude>
    <ClInclude Include="Historial.h">
      <Filter>Archivos de encabezado\Contenedores</Filter>
    </ClInclude>
    <ClInclude Include="Navegador.h">
      <Filter>Archivos de encabezado\Controlador</Filter>
    </ClInclude>
    <ClInclude Include="Sesion.h">
      <Filter>Archivos de encabezado\Archivos</Filter>
    </ClInclude>
    <ClInclude Include="Interfaz.h">
      <Filter>Archivos de encabezado\Controlador</Filter>
    </ClInclude>
    <ClInclude Include="EntradaUsuario.h">
      <Filter>Archivos de encabezado\Controlador</Filter>
    </ClInclude>
    <ClInclude Include="Hora.h">
      <Filter>Archivos de encabezado\Modelo</Filter>
    </ClInclude>
  </ItemGroup>
  <ItemGroup>
    <ClCompile Include="Buscar.cpp">
      <Filter>Archivos de origen</Filter>
    </ClCompile>
    <ClCompile Include="main.cpp">
      <Filter>Archivos de origen</Filter>
    </ClCompile>
    <ClCompile Include="Pagina.cpp">
      <Filter>Archivos de origen\Modelo</Filter>
    </ClCompile>
    <ClCompile Include="Pestania.cpp">
      <Filter>Archivos de origen\Modelo</Filter>
    </ClCompile>
    <ClCompile Include="Marcador.cpp">
      <Filter>Archivos de origen\Modelo</Filter>
    </ClCompile>
    <ClCompile Include="GestorPestania.cpp">
      <Filter>Archivos de origen\Contenedores</Filter>
    </ClCompile>
    <ClCompile Include="GestorMarcador.cpp">
      <Filter>Archivos de origen\Contenedores</Filter>
    </ClCompile>
    <ClCompile Include="Historial.cpp">
      <Filter>Archivos de origen\Contenedores</Filter>
    </ClCompile>
    <ClCompile Include="Navegador.cpp">
      <Filter>Archivos de origen\Controlador</Filter>
    </ClCompile>
    <ClCompile Include="Interfaz.cpp">
      <Filter>Archivos de origen\Controlador</Filter>
    </ClCompile>
    <ClCompile Include="EntradaUsuario.cpp">
      <Filter>Archivos de origen\Controlador</Filter>
    </ClCompile>
    <ClCompile Include="Hora.cpp">
      <Filter>Archivos de origen\Modelo</Filter>
    </ClCompile>
  </ItemGroup>
</Project>